
Microsoft Visual Studio Solution File, Format Version 12.00
# Visual Studio Version 17
VisualStudioVersion = 17.4.33403.182
MinimumVisualStudioVersion = 10.0.40219.1
Project("{888888A0-9F3D-457C-B088-3A5042F75D52}") = "ALGlab1", "ALGlab1\ALGlab1.pyproj", "{0C34BD74-3EA4-4060-BE44-4D5EAD6D55EB}"
EndProject
Global
	GlobalSection(SolutionConfigurationPlatforms) = preSolution
		Debug|Any CPU = Debug|Any CPU
		Release|Any CPU = Release|Any CPU
	EndGlobalSection
	GlobalSection(ProjectConfigurationPlatforms) = postSolution
		{0C34BD74-3EA4-4060-BE44-4D5EAD6D55EB}.Debug|Any CPU.ActiveCfg = Debug|Any CPU
		{0C34BD74-3EA4-4060-BE44-4D5EAD6D55EB}.Release|Any CPU.ActiveCfg = Release|Any CPU
	EndGlobalSection
	GlobalSection(SolutionProperties) = preSolution
		HideSolutionNode = FALSE
	EndGlobalSection
	GlobalSection(ExtensibilityGlobals) = postSolution
		SolutionGuid = {6A1E66DE-160C-4385-8D33-86962AD34FCE}
	EndGlobalSection
EndGlobal
